
Microsoft Visual Studio Solution File, Format Version 12.00
# Visual Studio Version 16
VisualStudioVersion = 16.0.30204.135
MinimumVisualStudioVersion = 10.0.40219.1
Project("{FAE04EC0-301F-11D3-BF4B-00C04F79EFBC}") = "NewBulkyBooks", "NewBulkyBooks\NewBulkyBooks.csproj", "{94E7D26F-8E04-4E2F-A95B-6CF33DF0722F}"
EndProject
Project("{FAE04EC0-301F-11D3-BF4B-00C04F79EFBC}") = "NewBulkyBooks.DataAccess", "NewBulkyBooks.DataAccess\NewBulkyBooks.DataAccess.csproj", "{DB4100D4-788A-4645-B5D6-BEA9622B4592}"
EndProject
Project("{FAE04EC0-301F-11D3-BF4B-00C04F79EFBC}") = "NewBulkyBooks.Models", "NewBulkyBooks.Models\NewBulkyBooks.Models.csproj", "{C00D559D-3D14-47FD-B1D5-609AC75495D1}"
EndProject
Project("{FAE04EC0-301F-11D3-BF4B-00C04F79EFBC}") = "NewBulkyBooks.Utility", "NewBulkyBooks.Utility\NewBulkyBooks.Utility.csproj", "{143442C6-92CB-447C-A457-73E747B74107}"
EndProject
Global
	GlobalSection(SolutionConfigurationPlatforms) = preSolution
		Debug|Any CPU = Debug|Any CPU
		Release|Any CPU = Release|Any CPU
	EndGlobalSection
	GlobalSection(ProjectConfigurationPlatforms) = postSolution
		{94E7D26F-8E04-4E2F-A95B-6CF33DF0722F}.Debug|Any CPU.ActiveCfg = Debug|Any CPU
		{94E7D26F-8E04-4E2F-A95B-6CF33DF0722F}.Debug|Any CPU.Build.0 = Debug|Any CPU
		{94E7D26F-8E04-4E2F-A95B-6CF33DF0722F}.Release|Any CPU.ActiveCfg = Release|Any CPU
		{94E7D26F-8E04-4E2F-A95B-6CF33DF0722F}.Release|Any CPU.Build.0 = Release|Any CPU
		{DB4100D4-788A-4645-B5D6-BEA9622B4592}.Debug|Any CPU.ActiveCfg = Debug|Any CPU
		{DB4100D4-788A-4645-B5D6-BEA9622B4592}.Debug|Any CPU.Build.0 = Debug|Any CPU
		{DB4100D4-788A-4645-B5D6-BEA9622B4592}.Release|Any CPU.ActiveCfg = Release|Any CPU
		{DB4100D4-788A-4645-B5D6-BEA9622B4592}.Release|Any CPU.Build.0 = Release|Any CPU
		{C00D559D-3D14-47FD-B1D5-609AC75495D1}.Debug|Any CPU.ActiveCfg = Debug|Any CPU
		{C00D559D-3D14-47FD-B1D5-609AC75495D1}.Debug|Any CPU.Build.0 = Debug|Any CPU
		{C00D559D-3D14-47FD-B1D5-609AC75495D1}.Release|Any CPU.ActiveCfg = Release|Any CPU
		{C00D559D-3D14-47FD-B1D5-609AC75495D1}.Release|Any CPU.Build.0 = Release|Any CPU
		{143442C6-92CB-447C-A457-73E747B74107}.Debug|Any CPU.ActiveCfg = Debug|Any CPU
		{143442C6-92CB-447C-A457-73E747B74107}.Debug|Any CPU.Build.0 = Debug|Any CPU
		{143442C6-92CB-447C-A457-73E747B74107}.Release|Any CPU.ActiveCfg = Release|Any CPU
		{143442C6-92CB-447C-A457-73E747B74107}.Release|Any CPU.Build.0 = Release|Any CPU
	EndGlobalSection
	GlobalSection(SolutionProperties) = preSolution
		HideSolutionNode = FALSE
	EndGlobalSection
	GlobalSection(ExtensibilityGlobals) = postSolution
		SolutionGuid = {0B4672F4-E86C-4F1C-B08B-7DBF53F999E7}
	EndGlobalSection
EndGlobal
